
Microsoft Visual Studio Solution File, Format Version 12.00
# Visual Studio Version 17
VisualStudioVersion = 17.11.35312.102
MinimumVisualStudioVersion = 10.0.40219.1
Project("{FAE04EC0-301F-11D3-BF4B-00C04F79EFBC}") = "TokoSebelah_Project", "TokoSebelah_Project.csproj", "{1966AF27-FB1F-4021-85AC-D8D91FE1FC14}"
EndProject
Global
	GlobalSection(SolutionConfigurationPlatforms) = preSolution
		Debug|Any CPU = Debug|Any CPU
		Release|Any CPU = Release|Any CPU
	EndGlobalSection
	GlobalSection(ProjectConfigurationPlatforms) = postSolution
		{1966AF27-FB1F-4021-85AC-D8D91FE1FC14}.Debug|Any CPU.ActiveCfg = Debug|Any CPU
		{1966AF27-FB1F-4021-85AC-D8D91FE1FC14}.Debug|Any CPU.Build.0 = Debug|Any CPU
		{1966AF27-FB1F-4021-85AC-D8D91FE1FC14}.Release|Any CPU.ActiveCfg = Release|Any CPU
		{1966AF27-FB1F-4021-85AC-D8D91FE1FC14}.Release|Any CPU.Build.0 = Release|Any CPU
	EndGlobalSection
	GlobalSection(SolutionProperties) = preSolution
		HideSolutionNode = FALSE
	EndGlobalSection
	GlobalSection(ExtensibilityGlobals) = postSolution
		SolutionGuid = {B8F6E557-981A-4932-B0A0-EFD3E99155CF}
	EndGlobalSection
EndGlobal
