
Microsoft Visual Studio Solution File, Format Version 12.00
# Visual Studio Version 17
VisualStudioVersion = 17.11.35312.102
MinimumVisualStudioVersion = 10.0.40219.1
Project("{FAE04EC0-301F-11D3-BF4B-00C04F79EFBC}") = "TokoBuku_Project", "TokoBuku_Project.csproj", "{D52846D1-D9A8-4C83-A1A9-3333E9562DD2}"
EndProject
Global
	GlobalSection(SolutionConfigurationPlatforms) = preSolution
		Debug|Any CPU = Debug|Any CPU
		Release|Any CPU = Release|Any CPU
	EndGlobalSection
	GlobalSection(ProjectConfigurationPlatforms) = postSolution
		{D52846D1-D9A8-4C83-A1A9-3333E9562DD2}.Debug|Any CPU.ActiveCfg = Debug|Any CPU
		{D52846D1-D9A8-4C83-A1A9-3333E9562DD2}.Debug|Any CPU.Build.0 = Debug|Any CPU
		{D52846D1-D9A8-4C83-A1A9-3333E9562DD2}.Release|Any CPU.ActiveCfg = Release|Any CPU
		{D52846D1-D9A8-4C83-A1A9-3333E9562DD2}.Release|Any CPU.Build.0 = Release|Any CPU
	EndGlobalSection
	GlobalSection(SolutionProperties) = preSolution
		HideSolutionNode = FALSE
	EndGlobalSection
	GlobalSection(ExtensibilityGlobals) = postSolution
		SolutionGuid = {46306463-A27D-41AA-9241-4387B00A3E66}
	EndGlobalSection
EndGlobal
